# This file is autogenerated, do not edit; changes may be undone by the next 'dep ensure'.


[[projects]]
  branch = "master"
  name = "github.com/machinebox/sdk-go"
  packages = [
    "boxutil",
    "classificationbox",
    "internal/mbhttp"
  ]
  revision = "07a0b22d078ab3be6a452de831861074dcba89aa"

[[projects]]
  branch = "master"
  name = "github.com/matryer/is"
  packages = ["."]
  revision = "be846f6cea707577c0d3a1e055d6cb719b68d533"

[[projects]]
  branch = "master"
  name = "github.com/pa-m/sklearn"
  packages = [
    "base",
    "datasets",
    "metrics",
    "neural_network",
    "pipeline",
    "preprocessing"
  ]
  revision = "09bc029ed007e0338ffe9362d967bc4ee41be7fe"

[[projects]]
  name = "github.com/pkg/errors"
  packages = ["."]
  revision = "645ef00459ed84a119197bfb8d8205042c6df63d"
  version = "v0.8.0"

[[projects]]
  name = "github.com/tensorflow/tensorflow"
  packages = ["tensorflow/go"]
  revision = "93bc2e2072e0daccbcff7a90d397b704a9e8f778"
  version = "v1.8.0"

[[projects]]
  branch = "master"
  name = "golang.org/x/exp"
  packages = ["rand"]
  revision = "8460e604b9de9da5834c9f198cadf9dca4b05cac"

[[projects]]
  branch = "master"
  name = "golang.org/x/tools"
  packages = ["container/intsets"]
  revision = "1937f90a1bb43667aff4059b1bab13eb15121e8e"

[[projects]]
  branch = "master"
  name = "gonum.org/v1/gonum"
  packages = [
    "blas",
    "blas/blas64",
    "blas/gonum",
    "floats",
    "internal/asm/c128",
    "internal/asm/f32",
    "internal/asm/f64",
    "internal/math32",
    "lapack",
    "lapack/gonum",
    "lapack/lapack64",
    "mat",
    "mathext",
    "mathext/internal/amos",
    "mathext/internal/cephes",
    "mathext/internal/gonum",
    "optimize",
    "stat",
    "stat/distmv",
    "stat/distuv"
  ]
  revision = "f5d91d72f89ad3c9c35749db45f07f5f3c907ada"

[solve-meta]
  analyzer-name = "dep"
  analyzer-version = 1
  inputs-digest = "c47534c48270c58602ef956a86a51c18eb01e362940dfbed97fd662be61ba8ed"
  solver-name = "gps-cdcl"
  solver-version = 1
